// !$*UTF8*$!
{
	archiveVersion = 1;
	classes = {
	};
	objectVersion = 50;
	objects = {

/* Begin PBXBuildFile section */
		652F66F4216E9DD100694703 /* Scene2ViewController.swift in Sources */ = {isa = PBXBuildFile; fileRef = 652F66F3216E9DD100694703 /* Scene2ViewController.swift */; };
		652F66F6216EB3F300694703 /* name.swift in Sources */ = {isa = PBXBuildFile; fileRef = 652F66F5216EB3F300694703 /* name.swift */; };
		65C542A9216DB400000FB5A3 /* AppDelegate.swift in Sources */ = {isa = PBXBuildFile; fileRef = 65C542A8216DB400000FB5A3 /* AppDelegate.swift */; };
		65C542AB216DB400000FB5A3 /* ViewController.swift in Sources */ = {isa = PBXBuildFile; fileRef = 65C542AA216DB400000FB5A3 /* ViewController.swift */; };
		65C542AE216DB400000FB5A3 /* Main.storyboard in Resources */ = {isa = PBXBuildFile; fileRef = 65C542AC216DB400000FB5A3 /* Main.storyboard */; };
		65C542B0216DB402000FB5A3 /* Assets.xcassets in Resources */ = {isa = PBXBuildFile; fileRef = 65C542AF216DB402000FB5A3 /* Assets.xcassets */; };
		65C542B3216DB402000FB5A3 /* LaunchScreen.storyboard in Resources */ = {isa = PBXBuildFile; fileRef = 65C542B1216DB402000FB5A3 /* LaunchScreen.storyboard */; };
		65C542BE216DB402000FB5A3 /* devore_lab4Tests.swift in Sources */ = {isa = PBXBuildFile; fileRef = 65C542BD216DB402000FB5A3 /* devore_lab4Tests.swift */; };
		65C542C9216DB402000FB5A3 /* devore_lab4UITests.swift in Sources */ = {isa = PBXBuildFile; fileRef = 65C542C8216DB402000FB5A3 /* devore_lab4UITests.swift */; };
/* End PBXBuildFile section */

/* Begin PBXContainerItemProxy section */
		65C542BA216DB402000FB5A3 /* PBXContainerItemProxy */ = {
			isa = PBXContainerItemProxy;
			containerPortal = 65C5429D216DB400000FB5A3 /* Project object */;
			proxyType = 1;
			remoteGlobalIDString = 65C542A4216DB400000FB5A3;
			remoteInfo = "devore-lab4";
		};
		65C542C5216DB402000FB5A3 /* PBXContainerItemProxy */ = {
			isa = PBXContainerItemProxy;
			containerPortal = 65C5429D216DB400000FB5A3 /* Project object */;
			proxyType = 1;
			remoteGlobalIDString = 65C542A4216DB400000FB5A3;
			remoteInfo = "devore-lab4";
		};
/* End PBXContainerItemProxy section */

/* Begin PBXFileReference section */
		652F66F3216E9DD100694703 /* Scene2ViewController.swift */ = {isa = PBXFileReference; lastKnownFileType = sourcecode.swift; path = Scene2ViewController.swift; sourceTree = "<group>"; };
		652F66F5216EB3F300694703 /* name.swift */ = {isa = PBXFileReference; lastKnownFileType = sourcecode.swift; path = name.swift; sourceTree = "<group>"; };
		65C542A5216DB400000FB5A3 /* devore-lab4.app */ = {isa = PBXFileReference; explicitFileType = wrapper.application; includeInIndex = 0; path = "devore-lab4.app"; sourceTree = BUILT_PRODUCTS_DIR; };
		65C542A8216DB400000FB5A3 /* AppDelegate.swift */ = {isa = PBXFileReference; lastKnownFileType = sourcecode.swift; path = AppDelegate.swift; sourceTree = "<group>"; };
		65C542AA216DB400000FB5A3 /* ViewController.swift */ = {isa = PBXFileReference; lastKnownFileType = sourcecode.swift; path = ViewController.swift; sourceTree = "<group>"; };
		65C542AD216DB400000FB5A3 /* Base */ = {isa = PBXFileReference; lastKnownFileType = file.storyboard; name = Base; path = Base.lproj/Main.storyboard; sourceTree = "<group>"; };
		65C542AF216DB402000FB5A3 /* Assets.xcassets */ = {isa = PBXFileReference; lastKnownFileType = folder.assetcatalog; path = Assets.xcassets; sourceTree = "<group>"; };
		65C542B2216DB402000FB5A3 /* Base */ = {isa = PBXFileReference; lastKnownFileType = file.storyboard; name = Base; path = Base.lproj/LaunchScreen.storyboard; sourceTree = "<group>"; };
		65C542B4216DB402000FB5A3 /* Info.plist */ = {isa = PBXFileReference; lastKnownFileType = text.plist.xml; path = Info.plist; sourceTree = "<group>"; };
		65C542B9216DB402000FB5A3 /* devore-lab4Tests.xctest */ = {isa = PBXFileReference; explicitFileType = wrapper.cfbundle; includeInIndex = 0; path = "devore-lab4Tests.xctest"; sourceTree = BUILT_PRODUCTS_DIR; };
		65C542BD216DB402000FB5A3 /* devore_lab4Tests.swift */ = {isa = PBXFileReference; lastKnownFileType = sourcecode.swift; path = devore_lab4Tests.swift; sourceTree = "<group>"; };
		65C542BF216DB402000FB5A3 /* Info.plist */ = {isa = PBXFileReference; lastKnownFileType = text.plist.xml; path = Info.plist; sourceTree = "<group>"; };
		65C542C4216DB402000FB5A3 /* devore-lab4UITests.xctest */ = {isa = PBXFileReference; explicitFileType = wrapper.cfbundle; includeInIndex = 0; path = "devore-lab4UITests.xctest"; sourceTree = BUILT_PRODUCTS_DIR; };
		65C542C8216DB402000FB5A3 /* devore_lab4UITests.swift */ = {isa = PBXFileReference; lastKnownFileType = sourcecode.swift; path = devore_lab4UITests.swift; sourceTree = "<group>"; };
		65C542CA216DB402000FB5A3 /* Info.plist */ = {isa = PBXFileReference; lastKnownFileType = text.plist.xml; path = Info.plist; sourceTree = "<group>"; };
/* End PBXFileReference section */

/* Begin PBXFrameworksBuildPhase section */
		65C542A2216DB400000FB5A3 /* Frameworks */ = {
			isa = PBXFrameworksBuildPhase;
			buildActionMask = 2147483647;
			files = (
			);
			runOnlyForDeploymentPostprocessing = 0;
		};
		65C542B6216DB402000FB5A3 /* Frameworks */ = {
			isa = PBXFrameworksBuildPhase;
			buildActionMask = 2147483647;
			files = (
			);
			runOnlyForDeploymentPostprocessing = 0;
		};
		65C542C1216DB402000FB5A3 /* Frameworks */ = {
			isa = PBXFrameworksBuildPhase;
			buildActionMask = 2147483647;
			files = (
			);
			runOnlyForDeploymentPostprocessing = 0;
		};
/* End PBXFrameworksBuildPhase section */

/* Begin PBXGroup section */
		65C5429C216DB400000FB5A3 = {
			isa = PBXGroup;
			children = (
				65C542A7216DB400000FB5A3 /* devore-lab4 */,
				65C542BC216DB402000FB5A3 /* devore-lab4Tests */,
				65C542C7216DB402000FB5A3 /* devore-lab4UITests */,
				65C542A6216DB400000FB5A3 /* Products */,
			);
			sourceTree = "<group>";
		};
		65C542A6216DB400000FB5A3 /* Products */ = {
			isa = PBXGroup;
			children = (
				65C542A5216DB400000FB5A3 /* devore-lab4.app */,
				65C542B9216DB402000FB5A3 /* devore-lab4Tests.xctest */,
				65C542C4216DB402000FB5A3 /* devore-lab4UITests.xctest */,
			);
			name = Products;
			sourceTree = "<group>";
		};
		65C542A7216DB400000FB5A3 /* devore-lab4 */ = {
			isa = PBXGroup;
			children = (
				65C542A8216DB400000FB5A3 /* AppDelegate.swift */,
				65C542AA216DB400000FB5A3 /* ViewController.swift */,
				652F66F3216E9DD100694703 /* Scene2ViewController.swift */,
				65C542AC216DB400000FB5A3 /* Main.storyboard */,
				652F66F5216EB3F300694703 /* name.swift */,
				65C542AF216DB402000FB5A3 /* Assets.xcassets */,
				65C542B1216DB402000FB5A3 /* LaunchScreen.storyboard */,
				65C542B4216DB402000FB5A3 /* Info.plist */,
			);
			path = "devore-lab4";
			sourceTree = "<group>";
		};
		65C542BC216DB402000FB5A3 /* devore-lab4Tests */ = {
			isa = PBXGroup;
			children = (
				65C542BD216DB402000FB5A3 /* devore_lab4Tests.swift */,
				65C542BF216DB402000FB5A3 /* Info.plist */,
			);
			path = "devore-lab4Tests";
			sourceTree = "<group>";
		};
		65C542C7216DB402000FB5A3 /* devore-lab4UITests */ = {
			isa = PBXGroup;
			children = (
				65C542C8216DB402000FB5A3 /* devore_lab4UITests.swift */,
				65C542CA216DB402000FB5A3 /* Info.plist */,
			);
			path = "devore-lab4UITests";
			sourceTree = "<group>";
		};
/* End PBXGroup section */

/* Begin PBXNativeTarget section */
		65C542A4216DB400000FB5A3 /* devore-lab4 */ = {
			isa = PBXNativeTarget;
			buildConfigurationList = 65C542CD216DB402000FB5A3 /* Build configuration list for PBXNativeTarget "devore-lab4" */;
			buildPhases = (
				65C542A1216DB400000FB5A3 /* Sources */,
				65C542A2216DB400000FB5A3 /* Frameworks */,
				65C542A3216DB400000FB5A3 /* Resources */,
			);
			buildRules = (
			);
			dependencies = (
			);
			name = "devore-lab4";
			productName = "devore-lab4";
			productReference = 65C542A5216DB400000FB5A3 /* devore-lab4.app */;
			productType = "com.apple.product-type.application";
		};
		65C542B8216DB402000FB5A3 /* devore-lab4Tests */ = {
			isa = PBXNativeTarget;
			buildConfigurationList = 65C542D0216DB402000FB5A3 /* Build configuration list for PBXNativeTarget "devore-lab4Tests" */;
			buildPhases = (
				65C542B5216DB402000FB5A3 /* Sources */,
				65C542B6216DB402000FB5A3 /* Frameworks */,
				65C542B7216DB402000FB5A3 /* Resources */,
			);
			buildRules = (
			);
			dependencies = (
				65C542BB216DB402000FB5A3 /* PBXTargetDependency */,
			);
			name = "devore-lab4Tests";
			productName = "devore-lab4Tests";
			productReference = 65C542B9216DB402000FB5A3 /* devore-lab4Tests.xctest */;
			productType = "com.apple.product-type.bundle.unit-test";
		};
		65C542C3216DB402000FB5A3 /* devore-lab4UITests */ = {
			isa = PBXNativeTarget;
			buildConfigurationList = 65C542D3216DB402000FB5A3 /* Build configuration list for PBXNativeTarget "devore-lab4UITests" */;
			buildPhases = (
				65C542C0216DB402000FB5A3 /* Sources */,
				65C542C1216DB402000FB5A3 /* Frameworks */,
				65C542C2216DB402000FB5A3 /* Resources */,
			);
			buildRules = (
			);
			dependencies = (
				65C542C6216DB402000FB5A3 /* PBXTargetDependency */,
			);
			name = "devore-lab4UITests";
			productName = "devore-lab4UITests";
			productReference = 65C542C4216DB402000FB5A3 /* devore-lab4UITests.xctest */;
			productType = "com.apple.product-type.bundle.ui-testing";
		};
/* End PBXNativeTarget section */

/* Begin PBXProject section */
		65C5429D216DB400000FB5A3 /* Project object */ = {
			isa = PBXProject;
			attributes = {
				LastSwiftUpdateCheck = 0940;
				LastUpgradeCheck = 0940;
				ORGANIZATIONNAME = Andrea;
				TargetAttributes = {
					65C542A4216DB400000FB5A3 = {
						CreatedOnToolsVersion = 9.4.1;
					};
					65C542B8216DB402000FB5A3 = {
						CreatedOnToolsVersion = 9.4.1;
						TestTargetID = 65C542A4216DB400000FB5A3;
					};
					65C542C3216DB402000FB5A3 = {
						CreatedOnToolsVersion = 9.4.1;
						TestTargetID = 65C542A4216DB400000FB5A3;
					};
				};
			};
			buildConfigurationList = 65C542A0216DB400000FB5A3 /* Build configuration list for PBXProject "devore-lab4" */;
			compatibilityVersion = "Xcode 9.3";
			developmentRegion = en;
			hasScannedForEncodings = 0;
			knownRegions = (
				en,
				Base,
			);
			mainGroup = 65C5429C216DB400000FB5A3;
			productRefGroup = 65C542A6216DB400000FB5A3 /* Products */;
			projectDirPath = "";
			projectRoot = "";
			targets = (
				65C542A4216DB400000FB5A3 /* devore-lab4 */,
				65C542B8216DB402000FB5A3 /* devore-lab4Tests */,
				65C542C3216DB402000FB5A3 /* devore-lab4UITests */,
			);
		};
/* End PBXProject section */

/* Begin PBXResourcesBuildPhase section */
		65C542A3216DB400000FB5A3 /* Resources */ = {
			isa = PBXResourcesBuildPhase;
			buildActionMask = 2147483647;
			files = (
				65C542B3216DB402000FB5A3 /* LaunchScreen.storyboard in Resources */,
				65C542B0216DB402000FB5A3 /* Assets.xcassets in Resources */,
				65C542AE216DB400000FB5A3 /* Main.storyboard in Resources */,
			);
			runOnlyForDeploymentPostprocessing = 0;
		};
		65C542B7216DB402000FB5A3 /* Resources */ = {
			isa = PBXResourcesBuildPhase;
			buildActionMask = 2147483647;
			files = (
			);
			runOnlyForDeploymentPostprocessing = 0;
		};
		65C542C2216DB402000FB5A3 /* Resources */ = {
			isa = PBXResourcesBuildPhase;
			buildActionMask = 2147483647;
			files = (
			);
			runOnlyForDeploymentPostprocessing = 0;
		};
/* End PBXResourcesBuildPhase section */

/* Begin PBXSourcesBuildPhase section */
		65C542A1216DB400000FB5A3 /* Sources */ = {
			isa = PBXSourcesBuildPhase;
			buildActionMask = 2147483647;
			files = (
				65C542AB216DB400000FB5A3 /* ViewController.swift in Sources */,
				65C542A9216DB400000FB5A3 /* AppDelegate.swift in Sources */,
				652F66F6216EB3F300694703 /* name.swift in Sources */,
				652F66F4216E9DD100694703 /* Scene2ViewController.swift in Sources */,
			);
			runOnlyForDeploymentPostprocessing = 0;
		};
		65C542B5216DB402000FB5A3 /* Sources */ = {
			isa = PBXSourcesBuildPhase;
			buildActionMask = 2147483647;
			files = (
				65C542BE216DB402000FB5A3 /* devore_lab4Tests.swift in Sources */,
			);
			runOnlyForDeploymentPostprocessing = 0;
		};
		65C542C0216DB402000FB5A3 /* Sources */ = {
			isa = PBXSourcesBuildPhase;
			buildActionMask = 2147483647;
			files = (
				65C542C9216DB402000FB5A3 /* devore_lab4UITests.swift in Sources */,
			);
			runOnlyForDeploymentPostprocessing = 0;
		};
/* End PBXSourcesBuildPhase section */

/* Begin PBXTargetDependency section */
		65C542BB216DB402000FB5A3 /* PBXTargetDependency */ = {
			isa = PBXTargetDependency;
			target = 65C542A4216DB400000FB5A3 /* devore-lab4 */;
			targetProxy = 65C542BA216DB402000FB5A3 /* PBXContainerItemProxy */;
		};
		65C542C6216DB402000FB5A3 /* PBXTargetDependency */ = {
			isa = PBXTargetDependency;
			target = 65C542A4216DB400000FB5A3 /* devore-lab4 */;
			targetProxy = 65C542C5216DB402000FB5A3 /* PBXContainerItemProxy */;
		};
/* End PBXTargetDependency section */

/* Begin PBXVariantGroup section */
		65C542AC216DB400000FB5A3 /* Main.storyboard */ = {
			isa = PBXVariantGroup;
			children = (
				65C542AD216DB400000FB5A3 /* Base */,
			);
			name = Main.storyboard;
			sourceTree = "<group>";
		};
		65C542B1216DB402000FB5A3 /* LaunchScreen.storyboard */ = {
			isa = PBXVariantGroup;
			children = (
				65C542B2216DB402000FB5A3 /* Base */,
			);
			name = LaunchScreen.storyboard;
			sourceTree = "<group>";
		};
/* End PBXVariantGroup section */

/* Begin XCBuildConfiguration section */
		65C542CB216DB402000FB5A3 /* Debug */ = {
			isa = XCBuildConfiguration;
			buildSettings = {
				ALWAYS_SEARCH_USER_PATHS = NO;
				CLANG_ANALYZER_NONNULL = YES;
				CLANG_ANALYZER_NUMBER_OBJECT_CONVERSION = YES_AGGRESSIVE;
				CLANG_CXX_LANGUAGE_STANDARD = "gnu++14";
				CLANG_CXX_LIBRARY = "libc++";
				CLANG_ENABLE_MODULES = YES;
				CLANG_ENABLE_OBJC_ARC = YES;
				CLANG_ENABLE_OBJC_WEAK = YES;
				CLANG_WARN_BLOCK_CAPTURE_AUTORELEASING = YES;
				CLANG_WARN_BOOL_CONVERSION = YES;
				CLANG_WARN_COMMA = YES;
				CLANG_WARN_CONSTANT_CONVERSION = YES;
				CLANG_WARN_DEPRECATED_OBJC_IMPLEMENTATIONS = YES;
				CLANG_WARN_DIRECT_OBJC_ISA_USAGE = YES_ERROR;
				CLANG_WARN_DOCUMENTATION_COMMENTS = YES;
				CLANG_WARN_EMPTY_BODY = YES;
				CLANG_WARN_ENUM_CONVERSION = YES;
				CLANG_WARN_INFINITE_RECURSION = YES;
				CLANG_WARN_INT_CONVERSION = YES;
				CLANG_WARN_NON_LITERAL_NULL_CONVERSION = YES;
				CLANG_WARN_OBJC_IMPLICIT_RETAIN_SELF = YES;
				CLANG_WARN_OBJC_LITERAL_CONVERSION = YES;
				CLANG_WARN_OBJC_ROOT_CLASS = YES_ERROR;
				CLANG_WARN_RANGE_LOOP_ANALYSIS = YES;
				CLANG_WARN_STRICT_PROTOTYPES = YES;
				CLANG_WARN_SUSPICIOUS_MOVE = YES;
				CLANG_WARN_UNGUARDED_AVAILABILITY = YES_AGGRESSIVE;
				CLANG_WARN_UNREACHABLE_CODE = YES;
				CLANG_WARN__DUPLICATE_METHOD_MATCH = YES;
				CODE_SIGN_IDENTITY = "iPhone Developer";
				COPY_PHASE_STRIP = NO;
				DEBUG_INFORMATION_FORMAT = dwarf;
				ENABLE_STRICT_OBJC_MSGSEND = YES;
				ENABLE_TESTABILITY = YES;
				GCC_C_LANGUAGE_STANDARD = gnu11;
				GCC_DYNAMIC_NO_PIC = NO;
				GCC_NO_COMMON_BLOCKS = YES;
				GCC_OPTIMIZATION_LEVEL = 0;
				GCC_PREPROCESSOR_DEFINITIONS = (
					"DEBUG=1",
					"$(inherited)",
				);
				GCC_WARN_64_TO_32_BIT_CONVERSION = YES;
				GCC_WARN_ABOUT_RETURN_TYPE = YES_ERROR;
				GCC_WARN_UNDECLARED_SELECTOR = YES;
				GCC_WARN_UNINITIALIZED_AUTOS = YES_AGGRESSIVE;
				GCC_WARN_UNUSED_FUNCTION = YES;
				GCC_WARN_UNUSED_VARIABLE = YES;
				IPHONEOS_DEPLOYMENT_TARGET = 11.4;
				MTL_ENABLE_DEBUG_INFO = YES;
				ONLY_ACTIVE_ARCH = YES;
				SDKROOT = iphoneos;
				SWIFT_ACTIVE_COMPILATION_CONDITIONS = DEBUG;
				SWIFT_OPTIMIZATION_LEVEL = "-Onone";
			};
			name = Debug;
		};
		65C542CC216DB402000FB5A3 /* Release */ = {
			isa = XCBuildConfiguration;
			buildSettings = {
				ALWAYS_SEARCH_USER_PATHS = NO;
				CLANG_ANALYZER_NONNULL = YES;
				CLANG_ANALYZER_NUMBER_OBJECT_CONVERSION = YES_AGGRESSIVE;
				CLANG_CXX_LANGUAGE_STANDARD = "gnu++14";
				CLANG_CXX_LIBRARY = "libc++";
				CLANG_ENABLE_MODULES = YES;
				CLANG_ENABLE_OBJC_ARC = YES;
				CLANG_ENABLE_OBJC_WEAK = YES;
				CLANG_WARN_BLOCK_CAPTURE_AUTORELEASING = YES;
				CLANG_WARN_BOOL_CONVERSION = YES;
				CLANG_WARN_COMMA = YES;
				CLANG_WARN_CONSTANT_CONVERSION = YES;
				CLANG_WARN_DEPRECATED_OBJC_IMPLEMENTATIONS = YES;
				CLANG_WARN_DIRECT_OBJC_ISA_USAGE = YES_ERROR;
				CLANG_WARN_DOCUMENTATION_COMMENTS = YES;
				CLANG_WARN_EMPTY_BODY = YES;
				CLANG_WARN_ENUM_CONVERSION = YES;
				CLANG_WARN_INFINITE_RECURSION = YES;
				CLANG_WARN_INT_CONVERSION = YES;
				CLANG_WARN_NON_LITERAL_NULL_CONVERSION = YES;
				CLANG_WARN_OBJC_IMPLICIT_RETAIN_SELF = YES;
				CLANG_WARN_OBJC_LITERAL_CONVERSION = YES;
				CLANG_WARN_OBJC_ROOT_CLASS = YES_ERROR;
				CLANG_WARN_RANGE_LOOP_ANALYSIS = YES;
				CLANG_WARN_STRICT_PROTOTYPES = YES;
				CLANG_WARN_SUSPICIOUS_MOVE = YES;
				CLANG_WARN_UNGUARDED_AVAILABILITY = YES_AGGRESSIVE;
				CLANG_WARN_UNREACHABLE_CODE = YES;
				CLANG_WARN__DUPLICATE_METHOD_MATCH = YES;
				CODE_SIGN_IDENTITY = "iPhone Developer";
				COPY_PHASE_STRIP = NO;
				DEBUG_INFORMATION_FORMAT = "dwarf-with-dsym";
				ENABLE_NS_ASSERTIONS = NO;
				ENABLE_STRICT_OBJC_MSGSEND = YES;
				GCC_C_LANGUAGE_STANDARD = gnu11;
				GCC_NO_COMMON_BLOCKS = YES;
				GCC_WARN_64_TO_32_BIT_CONVERSION = YES;
				GCC_WARN_ABOUT_RETURN_TYPE = YES_ERROR;
				GCC_WARN_UNDECLARED_SELECTOR = YES;
				GCC_WARN_UNINITIALIZED_AUTOS = YES_AGGRESSIVE;
				GCC_WARN_UNUSED_FUNCTION = YES;
				GCC_WARN_UNUSED_VARIABLE = YES;
				IPHONEOS_DEPLOYMENT_TARGET = 11.4;
				MTL_ENABLE_DEBUG_INFO = NO;
				SDKROOT = iphoneos;
				SWIFT_COMPILATION_MODE = wholemodule;
				SWIFT_OPTIMIZATION_LEVEL = "-O";
				VALIDATE_PRODUCT = YES;
			};
			name = Release;
		};
		65C542CE216DB402000FB5A3 /* Debug */ = {
			isa = XCBuildConfiguration;
			buildSettings = {
				ASSETCATALOG_COMPILER_APPICON_NAME = AppIcon;
				CODE_SIGN_STYLE = Automatic;
				DEVELOPMENT_TEAM = 456BQ744YH;
				INFOPLIST_FILE = "devore-lab4/Info.plist";
				LD_RUNPATH_SEARCH_PATHS = (
					"$(inherited)",
					"@executable_path/Frameworks",
				);
				PRODUCT_BUNDLE_IDENTIFIER = "andrea.devore-lab4";
				PRODUCT_NAME = "$(TARGET_NAME)";
				SWIFT_VERSION = 4.0;
				TARGETED_DEVICE_FAMILY = "1,2";
			};
			name = Debug;
		};
		65C542CF216DB402000FB5A3 /* Release */ = {
			isa = XCBuildConfiguration;
			buildSettings = {
				ASSETCATALOG_COMPILER_APPICON_NAME = AppIcon;
				CODE_SIGN_STYLE = Automatic;
				DEVELOPMENT_TEAM = 456BQ744YH;
				INFOPLIST_FILE = "devore-lab4/Info.plist";
				LD_RUNPATH_SEARCH_PATHS = (
					"$(inherited)",
					"@executable_path/Frameworks",
				);
				PRODUCT_BUNDLE_IDENTIFIER = "andrea.devore-lab4";
				PRODUCT_NAME = "$(TARGET_NAME)";
				SWIFT_VERSION = 4.0;
				TARGETED_DEVICE_FAMILY = "1,2";
			};
			name = Release;
		};
		65C542D1216DB402000FB5A3 /* Debug */ = {
			isa = XCBuildConfiguration;
			buildSettings = {
				ALWAYS_EMBED_SWIFT_STANDARD_LIBRARIES = YES;
				BUNDLE_LOADER = "$(TEST_HOST)";
				CODE_SIGN_STYLE = Automatic;
				INFOPLIST_FILE = "devore-lab4Tests/Info.plist";
				LD_RUNPATH_SEARCH_PATHS = (
					"$(inherited)",
					"@executable_path/Frameworks",
					"@loader_path/Frameworks",
				);
				PRODUCT_BUNDLE_IDENTIFIER = "andrea.devore-lab4Tests";
				PRODUCT_NAME = "$(TARGET_NAME)";
				SWIFT_VERSION = 4.0;
				TARGETED_DEVICE_FAMILY = "1,2";
				TEST_HOST = "$(BUILT_PRODUCTS_DIR)/devore-lab4.app/devore-lab4";
			};
			name = Debug;
		};
		65C542D2216DB402000FB5A3 /* Release */ = {
			isa = XCBuildConfiguration;
			buildSettings = {
				ALWAYS_EMBED_SWIFT_STANDARD_LIBRARIES = YES;
				BUNDLE_LOADER = "$(TEST_HOST)";
				CODE_SIGN_STYLE = Automatic;
				INFOPLIST_FILE = "devore-lab4Tests/Info.plist";
				LD_RUNPATH_SEARCH_PATHS = (
					"$(inherited)",
					"@executable_path/Frameworks",
					"@loader_path/Frameworks",
				);
				PRODUCT_BUNDLE_IDENTIFIER = "andrea.devore-lab4Tests";
				PRODUCT_NAME = "$(TARGET_NAME)";
				SWIFT_VERSION = 4.0;
				TARGETED_DEVICE_FAMILY = "1,2";
				TEST_HOST = "$(BUILT_PRODUCTS_DIR)/devore-lab4.app/devore-lab4";
			};
			name = Release;
		};
		65C542D4216DB402000FB5A3 /* Debug */ = {
			isa = XCBuildConfiguration;
			buildSettings = {
				ALWAYS_EMBED_SWIFT_STANDARD_LIBRARIES = YES;
				CODE_SIGN_STYLE = Automatic;
				INFOPLIST_FILE = "devore-lab4UITests/Info.plist";
				LD_RUNPATH_SEARCH_PATHS = (
					"$(inherited)",
					"@executable_path/Frameworks",
					"@loader_path/Frameworks",
				);
				PRODUCT_BUNDLE_IDENTIFIER = "andrea.devore-lab4UITests";
				PRODUCT_NAME = "$(TARGET_NAME)";
				SWIFT_VERSION = 4.0;
				TARGETED_DEVICE_FAMILY = "1,2";
				TEST_TARGET_NAME = "devore-lab4";
			};
			name = Debug;
		};
		65C542D5216DB402000FB5A3 /* Release */ = {
			isa = XCBuildConfiguration;
			buildSettings = {
				ALWAYS_EMBED_SWIFT_STANDARD_LIBRARIES = YES;
				CODE_SIGN_STYLE = Automatic;
				INFOPLIST_FILE = "devore-lab4UITests/Info.plist";
				LD_RUNPATH_SEARCH_PATHS = (
					"$(inherited)",
					"@executable_path/Frameworks",
					"@loader_path/Frameworks",
				);
				PRODUCT_BUNDLE_IDENTIFIER = "andrea.devore-lab4UITests";
				PRODUCT_NAME = "$(TARGET_NAME)";
				SWIFT_VERSION = 4.0;
				TARGETED_DEVICE_FAMILY = "1,2";
				TEST_TARGET_NAME = "devore-lab4";
			};
			name = Release;
		};
/* End XCBuildConfiguration section */

/* Begin XCConfigurationList section */
		65C542A0216DB400000FB5A3 /* Build configuration list for PBXProject "devore-lab4" */ = {
			isa = XCConfigurationList;
			buildConfigurations = (
				65C542CB216DB402000FB5A3 /* Debug */,
				65C542CC216DB402000FB5A3 /* Release */,
			);
			defaultConfigurationIsVisible = 0;
			defaultConfigurationName = Release;
		};
		65C542CD216DB402000FB5A3 /* Build configuration list for PBXNativeTarget "devore-lab4" */ = {
			isa = XCConfigurationList;
			buildConfigurations = (
				65C542CE216DB402000FB5A3 /* Debug */,
				65C542CF216DB402000FB5A3 /* Release */,
			);
			defaultConfigurationIsVisible = 0;
			defaultConfigurationName = Release;
		};
		65C542D0216DB402000FB5A3 /* Build configuration list for PBXNativeTarget "devore-lab4Tests" */ = {
			isa = XCConfigurationList;
			buildConfigurations = (
				65C542D1216DB402000FB5A3 /* Debug */,
				65C542D2216DB402000FB5A3 /* Release */,
			);
			defaultConfigurationIsVisible = 0;
			defaultConfigurationName = Release;
		};
		65C542D3216DB402000FB5A3 /* Build configuration list for PBXNativeTarget "devore-lab4UITests" */ = {
			isa = XCConfigurationList;
			buildConfigurations = (
				65C542D4216DB402000FB5A3 /* Debug */,
				65C542D5216DB402000FB5A3 /* Release */,
			);
			defaultConfigurationIsVisible = 0;
			defaultConfigurationName = Release;
		};
/* End XCConfigurationList section */
	};
	rootObject = 65C5429D216DB400000FB5A3 /* Project object */;
}
